
Microsoft Visual Studio Solution File, Format Version 11.00
# Visual Studio 2010
Project("{8BC9CEB8-8B4A-11D0-8D11-00A0C91BC942}") = "exam", "exam\exam.vcxproj", "{233B214C-2A46-41DE-9815-9622EF179E07}"
EndProject
Global
	GlobalSection(SolutionConfigurationPlatforms) = preSolution
		Debug|Win32 = Debug|Win32
		Release|Win32 = Release|Win32
	EndGlobalSection
	GlobalSection(ProjectConfigurationPlatforms) = postSolution
		{233B214C-2A46-41DE-9815-9622EF179E07}.Debug|Win32.ActiveCfg = Debug|Win32
		{233B214C-2A46-41DE-9815-9622EF179E07}.Debug|Win32.Build.0 = Debug|Win32
		{233B214C-2A46-41DE-9815-9622EF179E07}.Release|Win32.ActiveCfg = Release|Win32
		{233B214C-2A46-41DE-9815-9622EF179E07}.Release|Win32.Build.0 = Release|Win32
	EndGlobalSection
	GlobalSection(SolutionProperties) = preSolution
		HideSolutionNode = FALSE
	EndGlobalSection
EndGlobal
